// !$*UTF8*$!
{
	archiveVersion = 1;
	classes = {
	};
	objectVersion = 56;
	objects = {

/* Begin PBXBuildFile section */
		F54E82D52ACDC71D00D2143B /* Ticker.swift in Sources */ = {isa = PBXBuildFile; fileRef = F54E82D42ACDC71D00D2143B /* Ticker.swift */; };
		F56D460B2B77B9CF00B069DC /* MTLRenderCommandEncoder.swift in Sources */ = {isa = PBXBuildFile; fileRef = F56D460A2B77B9CF00B069DC /* MTLRenderCommandEncoder.swift */; };
		F56DCA652ABB53A7000D29D5 /* Transform2D.h in Sources */ = {isa = PBXBuildFile; fileRef = F56DCA642ABB53A7000D29D5 /* Transform2D.h */; };
		F56DCA672ABB5574000D29D5 /* Camera.h in Sources */ = {isa = PBXBuildFile; fileRef = F56DCA662ABB5574000D29D5 /* Camera.h */; };
		F56DCA692ABB60AD000D29D5 /* Vertex.h in Sources */ = {isa = PBXBuildFile; fileRef = F56DCA682ABB60AD000D29D5 /* Vertex.h */; };
		F56DCA6B2ABB6518000D29D5 /* Angle.swift in Sources */ = {isa = PBXBuildFile; fileRef = F56DCA6A2ABB6518000D29D5 /* Angle.swift */; };
		F5A268612A966B4600520C84 /* main.swift in Sources */ = {isa = PBXBuildFile; fileRef = F5A268602A966B4600520C84 /* main.swift */; };
		F5A9533F2ABE04B8008E4200 /* Metris+Field.swift in Sources */ = {isa = PBXBuildFile; fileRef = F5A9533E2ABE04B8008E4200 /* Metris+Field.swift */; };
		F5A953412AC1FA0A008E4200 /* Metris+Mino.swift in Sources */ = {isa = PBXBuildFile; fileRef = F5A953402AC1FA0A008E4200 /* Metris+Mino.swift */; };
		F5A953432AC329AE008E4200 /* Metris+Piece.swift in Sources */ = {isa = PBXBuildFile; fileRef = F5A953422AC329AE008E4200 /* Metris+Piece.swift */; };
		F5A9534C2AC3F983008E4200 /* Fragment.h in Sources */ = {isa = PBXBuildFile; fileRef = F5A953452AC33FC7008E4200 /* Fragment.h */; };
		F5A9534E2AC3F9B7008E4200 /* CG.swift in Sources */ = {isa = PBXBuildFile; fileRef = F5A9534D2AC3F9B7008E4200 /* CG.swift */; };
		F5A953502AC3F9C3008E4200 /* Math.swift in Sources */ = {isa = PBXBuildFile; fileRef = F5A9534F2AC3F9C3008E4200 /* Math.swift */; };
		F5A953522AC8617B008E4200 /* Vector2D.swift in Sources */ = {isa = PBXBuildFile; fileRef = F5A953512AC8617B008E4200 /* Vector2D.swift */; };
		F5B67BDA2AA0A61500842985 /* Metris.metal in Sources */ = {isa = PBXBuildFile; fileRef = F5B67BD92AA0A61500842985 /* Metris.metal */; };
		F5E88F2C2ABB4CF4003505BE /* Memory.swift in Sources */ = {isa = PBXBuildFile; fileRef = F5E88F2B2ABB4CF4003505BE /* Memory.swift */; };
		F5E88F2E2ABB4D80003505BE /* Matrix2D.swift in Sources */ = {isa = PBXBuildFile; fileRef = F5E88F2D2ABB4D80003505BE /* Matrix2D.swift */; };
		F5E88F302ABB4EB2003505BE /* Transform2D.swift in Sources */ = {isa = PBXBuildFile; fileRef = F5E88F2F2ABB4EB2003505BE /* Transform2D.swift */; };
		F5E88F322ABB4F39003505BE /* Rectangle.swift in Sources */ = {isa = PBXBuildFile; fileRef = F5E88F312ABB4F39003505BE /* Rectangle.swift */; };
		F5E88F342ABB4FBC003505BE /* IndexedPrimitive.swift in Sources */ = {isa = PBXBuildFile; fileRef = F5E88F332ABB4FBC003505BE /* IndexedPrimitive.swift */; };
		F5E88F362ABB5003003505BE /* Camera.swift in Sources */ = {isa = PBXBuildFile; fileRef = F5E88F352ABB5003003505BE /* Camera.swift */; };
		F5E88F382ABB501F003505BE /* Vertex.swift in Sources */ = {isa = PBXBuildFile; fileRef = F5E88F372ABB501F003505BE /* Vertex.swift */; };
		F5E88F3A2ABB5053003505BE /* Metris.swift in Sources */ = {isa = PBXBuildFile; fileRef = F5E88F392ABB5053003505BE /* Metris.swift */; };
		F5E88F3C2ABB5075003505BE /* View.swift in Sources */ = {isa = PBXBuildFile; fileRef = F5E88F3B2ABB5075003505BE /* View.swift */; };
		F5E88F3E2ABB5097003505BE /* Window.swift in Sources */ = {isa = PBXBuildFile; fileRef = F5E88F3D2ABB5097003505BE /* Window.swift */; };
		F5E88F402ABB50C5003505BE /* App.swift in Sources */ = {isa = PBXBuildFile; fileRef = F5E88F3F2ABB50C5003505BE /* App.swift */; };
/* End PBXBuildFile section */

/* Begin PBXCopyFilesBuildPhase section */
		F5A2685B2A966B4600520C84 /* CopyFiles */ = {
			isa = PBXCopyFilesBuildPhase;
			buildActionMask = 2147483647;
			dstPath = /usr/share/man/man1/;
			dstSubfolderSpec = 0;
			files = (
			);
			runOnlyForDeploymentPostprocessing = 1;
		};
/* End PBXCopyFilesBuildPhase section */

/* Begin PBXFileReference section */
		F54E82D42ACDC71D00D2143B /* Ticker.swift */ = {isa = PBXFileReference; lastKnownFileType = sourcecode.swift; path = Ticker.swift; sourceTree = "<group>"; };
		F56D460A2B77B9CF00B069DC /* MTLRenderCommandEncoder.swift */ = {isa = PBXFileReference; lastKnownFileType = sourcecode.swift; path = MTLRenderCommandEncoder.swift; sourceTree = "<group>"; };
		F56DCA642ABB53A7000D29D5 /* Transform2D.h */ = {isa = PBXFileReference; lastKnownFileType = sourcecode.c.h; path = Transform2D.h; sourceTree = "<group>"; };
		F56DCA662ABB5574000D29D5 /* Camera.h */ = {isa = PBXFileReference; lastKnownFileType = sourcecode.c.h; path = Camera.h; sourceTree = "<group>"; };
		F56DCA682ABB60AD000D29D5 /* Vertex.h */ = {isa = PBXFileReference; lastKnownFileType = sourcecode.c.h; path = Vertex.h; sourceTree = "<group>"; };
		F56DCA6A2ABB6518000D29D5 /* Angle.swift */ = {isa = PBXFileReference; lastKnownFileType = sourcecode.swift; path = Angle.swift; sourceTree = "<group>"; };
		F5A2685D2A966B4600520C84 /* swift-metris */ = {isa = PBXFileReference; explicitFileType = "compiled.mach-o.executable"; includeInIndex = 0; path = "swift-metris"; sourceTree = BUILT_PRODUCTS_DIR; };
		F5A268602A966B4600520C84 /* main.swift */ = {isa = PBXFileReference; lastKnownFileType = sourcecode.swift; path = main.swift; sourceTree = "<group>"; };
		F5A9533E2ABE04B8008E4200 /* Metris+Field.swift */ = {isa = PBXFileReference; lastKnownFileType = sourcecode.swift; path = "Metris+Field.swift"; sourceTree = "<group>"; };
		F5A953402AC1FA0A008E4200 /* Metris+Mino.swift */ = {isa = PBXFileReference; lastKnownFileType = sourcecode.swift; path = "Metris+Mino.swift"; sourceTree = "<group>"; };
		F5A953422AC329AE008E4200 /* Metris+Piece.swift */ = {isa = PBXFileReference; lastKnownFileType = sourcecode.swift; path = "Metris+Piece.swift"; sourceTree = "<group>"; };
		F5A953452AC33FC7008E4200 /* Fragment.h */ = {isa = PBXFileReference; lastKnownFileType = sourcecode.c.h; path = Fragment.h; sourceTree = "<group>"; };
		F5A9534D2AC3F9B7008E4200 /* CG.swift */ = {isa = PBXFileReference; fileEncoding = 4; lastKnownFileType = sourcecode.swift; path = CG.swift; sourceTree = "<group>"; };
		F5A9534F2AC3F9C3008E4200 /* Math.swift */ = {isa = PBXFileReference; fileEncoding = 4; lastKnownFileType = sourcecode.swift; path = Math.swift; sourceTree = "<group>"; };
		F5A953512AC8617B008E4200 /* Vector2D.swift */ = {isa = PBXFileReference; lastKnownFileType = sourcecode.swift; path = Vector2D.swift; sourceTree = "<group>"; };
		F5B67BD92AA0A61500842985 /* Metris.metal */ = {isa = PBXFileReference; lastKnownFileType = sourcecode.metal; name = Metris.metal; path = "swift-metris/Metris.metal"; sourceTree = SOURCE_ROOT; };
		F5E88F2B2ABB4CF4003505BE /* Memory.swift */ = {isa = PBXFileReference; lastKnownFileType = sourcecode.swift; path = Memory.swift; sourceTree = "<group>"; };
		F5E88F2D2ABB4D80003505BE /* Matrix2D.swift */ = {isa = PBXFileReference; lastKnownFileType = sourcecode.swift; path = Matrix2D.swift; sourceTree = "<group>"; };
		F5E88F2F2ABB4EB2003505BE /* Transform2D.swift */ = {isa = PBXFileReference; lastKnownFileType = sourcecode.swift; path = Transform2D.swift; sourceTree = "<group>"; };
		F5E88F312ABB4F39003505BE /* Rectangle.swift */ = {isa = PBXFileReference; lastKnownFileType = sourcecode.swift; path = Rectangle.swift; sourceTree = "<group>"; };
		F5E88F332ABB4FBC003505BE /* IndexedPrimitive.swift */ = {isa = PBXFileReference; lastKnownFileType = sourcecode.swift; path = IndexedPrimitive.swift; sourceTree = "<group>"; };
		F5E88F352ABB5003003505BE /* Camera.swift */ = {isa = PBXFileReference; lastKnownFileType = sourcecode.swift; path = Camera.swift; sourceTree = "<group>"; };
		F5E88F372ABB501F003505BE /* Vertex.swift */ = {isa = PBXFileReference; lastKnownFileType = sourcecode.swift; path = Vertex.swift; sourceTree = "<group>"; };
		F5E88F392ABB5053003505BE /* Metris.swift */ = {isa = PBXFileReference; lastKnownFileType = sourcecode.swift; path = Metris.swift; sourceTree = "<group>"; };
		F5E88F3B2ABB5075003505BE /* View.swift */ = {isa = PBXFileReference; lastKnownFileType = sourcecode.swift; path = View.swift; sourceTree = "<group>"; };
		F5E88F3D2ABB5097003505BE /* Window.swift */ = {isa = PBXFileReference; lastKnownFileType = sourcecode.swift; path = Window.swift; sourceTree = "<group>"; };
		F5E88F3F2ABB50C5003505BE /* App.swift */ = {isa = PBXFileReference; lastKnownFileType = sourcecode.swift; path = App.swift; sourceTree = "<group>"; };
/* End PBXFileReference section */

/* Begin PBXFrameworksBuildPhase section */
		F5A2685A2A966B4600520C84 /* Frameworks */ = {
			isa = PBXFrameworksBuildPhase;
			buildActionMask = 2147483647;
			files = (
			);
			runOnlyForDeploymentPostprocessing = 0;
		};
/* End PBXFrameworksBuildPhase section */

/* Begin PBXGroup section */
		F5A268542A966B4600520C84 = {
			isa = PBXGroup;
			children = (
				F5A2685F2A966B4600520C84 /* swift-metris */,
				F5A2685E2A966B4600520C84 /* Products */,
			);
			sourceTree = "<group>";
		};
		F5A2685E2A966B4600520C84 /* Products */ = {
			isa = PBXGroup;
			children = (
				F5A2685D2A966B4600520C84 /* swift-metris */,
			);
			name = Products;
			sourceTree = "<group>";
		};
		F5A2685F2A966B4600520C84 /* swift-metris */ = {
			isa = PBXGroup;
			children = (
				F56DCA6A2ABB6518000D29D5 /* Angle.swift */,
				F5E88F3F2ABB50C5003505BE /* App.swift */,
				F56DCA662ABB5574000D29D5 /* Camera.h */,
				F5E88F352ABB5003003505BE /* Camera.swift */,
				F5A9534D2AC3F9B7008E4200 /* CG.swift */,
				F5A953452AC33FC7008E4200 /* Fragment.h */,
				F5E88F332ABB4FBC003505BE /* IndexedPrimitive.swift */,
				F5A268602A966B4600520C84 /* main.swift */,
				F5A9534F2AC3F9C3008E4200 /* Math.swift */,
				F5E88F2D2ABB4D80003505BE /* Matrix2D.swift */,
				F5E88F2B2ABB4CF4003505BE /* Memory.swift */,
				F5B67BD92AA0A61500842985 /* Metris.metal */,
				F5E88F392ABB5053003505BE /* Metris.swift */,
				F5A9533E2ABE04B8008E4200 /* Metris+Field.swift */,
				F5A953402AC1FA0A008E4200 /* Metris+Mino.swift */,
				F5A953422AC329AE008E4200 /* Metris+Piece.swift */,
				F56D460A2B77B9CF00B069DC /* MTLRenderCommandEncoder.swift */,
				F5E88F312ABB4F39003505BE /* Rectangle.swift */,
				F54E82D42ACDC71D00D2143B /* Ticker.swift */,
				F56DCA642ABB53A7000D29D5 /* Transform2D.h */,
				F5E88F2F2ABB4EB2003505BE /* Transform2D.swift */,
				F5A953512AC8617B008E4200 /* Vector2D.swift */,
				F56DCA682ABB60AD000D29D5 /* Vertex.h */,
				F5E88F372ABB501F003505BE /* Vertex.swift */,
				F5E88F3B2ABB5075003505BE /* View.swift */,
				F5E88F3D2ABB5097003505BE /* Window.swift */,
			);
			path = "swift-metris";
			sourceTree = "<group>";
		};
/* End PBXGroup section */

/* Begin PBXNativeTarget section */
		F5A2685C2A966B4600520C84 /* swift-metris */ = {
			isa = PBXNativeTarget;
			buildConfigurationList = F5A268642A966B4600520C84 /* Build configuration list for PBXNativeTarget "swift-metris" */;
			buildPhases = (
				F5A268592A966B4600520C84 /* Sources */,
				F5A2685A2A966B4600520C84 /* Frameworks */,
				F5A2685B2A966B4600520C84 /* CopyFiles */,
			);
			buildRules = (
			);
			dependencies = (
			);
			name = "swift-metris";
			productName = "swift-metris";
			productReference = F5A2685D2A966B4600520C84 /* swift-metris */;
			productType = "com.apple.product-type.tool";
		};
/* End PBXNativeTarget section */

/* Begin PBXProject section */
		F5A268552A966B4600520C84 /* Project object */ = {
			isa = PBXProject;
			attributes = {
				BuildIndependentTargetsInParallel = 1;
				LastSwiftUpdateCheck = 1420;
				LastUpgradeCheck = 1420;
				TargetAttributes = {
					F5A2685C2A966B4600520C84 = {
						CreatedOnToolsVersion = 14.2;
						LastSwiftMigration = 1420;
					};
				};
			};
			buildConfigurationList = F5A268582A966B4600520C84 /* Build configuration list for PBXProject "swift-metris" */;
			compatibilityVersion = "Xcode 14.0";
			developmentRegion = en;
			hasScannedForEncodings = 0;
			knownRegions = (
				en,
				Base,
			);
			mainGroup = F5A268542A966B4600520C84;
			productRefGroup = F5A2685E2A966B4600520C84 /* Products */;
			projectDirPath = "";
			projectRoot = "";
			targets = (
				F5A2685C2A966B4600520C84 /* swift-metris */,
			);
		};
/* End PBXProject section */

/* Begin PBXSourcesBuildPhase section */
		F5A268592A966B4600520C84 /* Sources */ = {
			isa = PBXSourcesBuildPhase;
			buildActionMask = 2147483647;
			files = (
				F5A9534C2AC3F983008E4200 /* Fragment.h in Sources */,
				F56DCA672ABB5574000D29D5 /* Camera.h in Sources */,
				F5E88F402ABB50C5003505BE /* App.swift in Sources */,
				F5A9534E2AC3F9B7008E4200 /* CG.swift in Sources */,
				F56D460B2B77B9CF00B069DC /* MTLRenderCommandEncoder.swift in Sources */,
				F5A9533F2ABE04B8008E4200 /* Metris+Field.swift in Sources */,
				F5E88F362ABB5003003505BE /* Camera.swift in Sources */,
				F5E88F2E2ABB4D80003505BE /* Matrix2D.swift in Sources */,
				F5E88F382ABB501F003505BE /* Vertex.swift in Sources */,
				F5E88F2C2ABB4CF4003505BE /* Memory.swift in Sources */,
				F56DCA6B2ABB6518000D29D5 /* Angle.swift in Sources */,
				F5A953522AC8617B008E4200 /* Vector2D.swift in Sources */,
				F5E88F342ABB4FBC003505BE /* IndexedPrimitive.swift in Sources */,
				F5A953502AC3F9C3008E4200 /* Math.swift in Sources */,
				F5B67BDA2AA0A61500842985 /* Metris.metal in Sources */,
				F5E88F3A2ABB5053003505BE /* Metris.swift in Sources */,
				F5A953412AC1FA0A008E4200 /* Metris+Mino.swift in Sources */,
				F5E88F322ABB4F39003505BE /* Rectangle.swift in Sources */,
				F5A268612A966B4600520C84 /* main.swift in Sources */,
				F5A953432AC329AE008E4200 /* Metris+Piece.swift in Sources */,
				F56DCA692ABB60AD000D29D5 /* Vertex.h in Sources */,
				F56DCA652ABB53A7000D29D5 /* Transform2D.h in Sources */,
				F5E88F3C2ABB5075003505BE /* View.swift in Sources */,
				F5E88F302ABB4EB2003505BE /* Transform2D.swift in Sources */,
				F54E82D52ACDC71D00D2143B /* Ticker.swift in Sources */,
				F5E88F3E2ABB5097003505BE /* Window.swift in Sources */,
			);
			runOnlyForDeploymentPostprocessing = 0;
		};
/* End PBXSourcesBuildPhase section */

/* Begin XCBuildConfiguration section */
		F5A268622A966B4600520C84 /* Debug */ = {
			isa = XCBuildConfiguration;
			buildSettings = {
				ALWAYS_SEARCH_USER_PATHS = NO;
				CLANG_ANALYZER_NONNULL = YES;
				CLANG_ANALYZER_NUMBER_OBJECT_CONVERSION = YES_AGGRESSIVE;
				CLANG_CXX_LANGUAGE_STANDARD = "gnu++20";
				CLANG_ENABLE_MODULES = YES;
				CLANG_ENABLE_OBJC_ARC = YES;
				CLANG_ENABLE_OBJC_WEAK = YES;
				CLANG_WARN_BLOCK_CAPTURE_AUTORELEASING = YES;
				CLANG_WARN_BOOL_CONVERSION = YES;
				CLANG_WARN_COMMA = YES;
				CLANG_WARN_CONSTANT_CONVERSION = YES;
				CLANG_WARN_DEPRECATED_OBJC_IMPLEMENTATIONS = YES;
				CLANG_WARN_DIRECT_OBJC_ISA_USAGE = YES_ERROR;
				CLANG_WARN_DOCUMENTATION_COMMENTS = YES;
				CLANG_WARN_EMPTY_BODY = YES;
				CLANG_WARN_ENUM_CONVERSION = YES;
				CLANG_WARN_INFINITE_RECURSION = YES;
				CLANG_WARN_INT_CONVERSION = YES;
				CLANG_WARN_NON_LITERAL_NULL_CONVERSION = YES;
				CLANG_WARN_OBJC_IMPLICIT_RETAIN_SELF = YES;
				CLANG_WARN_OBJC_LITERAL_CONVERSION = YES;
				CLANG_WARN_OBJC_ROOT_CLASS = YES_ERROR;
				CLANG_WARN_QUOTED_INCLUDE_IN_FRAMEWORK_HEADER = YES;
				CLANG_WARN_RANGE_LOOP_ANALYSIS = YES;
				CLANG_WARN_STRICT_PROTOTYPES = YES;
				CLANG_WARN_SUSPICIOUS_MOVE = YES;
				CLANG_WARN_UNGUARDED_AVAILABILITY = YES_AGGRESSIVE;
				CLANG_WARN_UNREACHABLE_CODE = YES;
				CLANG_WARN__DUPLICATE_METHOD_MATCH = YES;
				COPY_PHASE_STRIP = NO;
				DEBUG_INFORMATION_FORMAT = dwarf;
				ENABLE_STRICT_OBJC_MSGSEND = YES;
				ENABLE_TESTABILITY = YES;
				GCC_C_LANGUAGE_STANDARD = gnu11;
				GCC_DYNAMIC_NO_PIC = NO;
				GCC_NO_COMMON_BLOCKS = YES;
				GCC_OPTIMIZATION_LEVEL = 0;
				GCC_PREPROCESSOR_DEFINITIONS = (
					"DEBUG=1",
					"$(inherited)",
				);
				GCC_WARN_64_TO_32_BIT_CONVERSION = YES;
				GCC_WARN_ABOUT_RETURN_TYPE = YES_ERROR;
				GCC_WARN_UNDECLARED_SELECTOR = YES;
				GCC_WARN_UNINITIALIZED_AUTOS = YES_AGGRESSIVE;
				GCC_WARN_UNUSED_FUNCTION = YES;
				GCC_WARN_UNUSED_VARIABLE = YES;
				MACOSX_DEPLOYMENT_TARGET = 12.5;
				MTL_ENABLE_DEBUG_INFO = INCLUDE_SOURCE;
				MTL_FAST_MATH = YES;
				ONLY_ACTIVE_ARCH = YES;
				SDKROOT = macosx;
				SWIFT_ACTIVE_COMPILATION_CONDITIONS = DEBUG;
				SWIFT_OPTIMIZATION_LEVEL = "-Onone";
			};
			name = Debug;
		};
		F5A268632A966B4600520C84 /* Release */ = {
			isa = XCBuildConfiguration;
			buildSettings = {
				ALWAYS_SEARCH_USER_PATHS = NO;
				CLANG_ANALYZER_NONNULL = YES;
				CLANG_ANALYZER_NUMBER_OBJECT_CONVERSION = YES_AGGRESSIVE;
				CLANG_CXX_LANGUAGE_STANDARD = "gnu++20";
				CLANG_ENABLE_MODULES = YES;
				CLANG_ENABLE_OBJC_ARC = YES;
				CLANG_ENABLE_OBJC_WEAK = YES;
				CLANG_WARN_BLOCK_CAPTURE_AUTORELEASING = YES;
				CLANG_WARN_BOOL_CONVERSION = YES;
				CLANG_WARN_COMMA = YES;
				CLANG_WARN_CONSTANT_CONVERSION = YES;
				CLANG_WARN_DEPRECATED_OBJC_IMPLEMENTATIONS = YES;
				CLANG_WARN_DIRECT_OBJC_ISA_USAGE = YES_ERROR;
				CLANG_WARN_DOCUMENTATION_COMMENTS = YES;
				CLANG_WARN_EMPTY_BODY = YES;
				CLANG_WARN_ENUM_CONVERSION = YES;
				CLANG_WARN_INFINITE_RECURSION = YES;
				CLANG_WARN_INT_CONVERSION = YES;
				CLANG_WARN_NON_LITERAL_NULL_CONVERSION = YES;
				CLANG_WARN_OBJC_IMPLICIT_RETAIN_SELF = YES;
				CLANG_WARN_OBJC_LITERAL_CONVERSION = YES;
				CLANG_WARN_OBJC_ROOT_CLASS = YES_ERROR;
				CLANG_WARN_QUOTED_INCLUDE_IN_FRAMEWORK_HEADER = YES;
				CLANG_WARN_RANGE_LOOP_ANALYSIS = YES;
				CLANG_WARN_STRICT_PROTOTYPES = YES;
				CLANG_WARN_SUSPICIOUS_MOVE = YES;
				CLANG_WARN_UNGUARDED_AVAILABILITY = YES_AGGRESSIVE;
				CLANG_WARN_UNREACHABLE_CODE = YES;
				CLANG_WARN__DUPLICATE_METHOD_MATCH = YES;
				COPY_PHASE_STRIP = NO;
				DEBUG_INFORMATION_FORMAT = "dwarf-with-dsym";
				ENABLE_NS_ASSERTIONS = NO;
				ENABLE_STRICT_OBJC_MSGSEND = YES;
				GCC_C_LANGUAGE_STANDARD = gnu11;
				GCC_NO_COMMON_BLOCKS = YES;
				GCC_WARN_64_TO_32_BIT_CONVERSION = YES;
				GCC_WARN_ABOUT_RETURN_TYPE = YES_ERROR;
				GCC_WARN_UNDECLARED_SELECTOR = YES;
				GCC_WARN_UNINITIALIZED_AUTOS = YES_AGGRESSIVE;
				GCC_WARN_UNUSED_FUNCTION = YES;
				GCC_WARN_UNUSED_VARIABLE = YES;
				MACOSX_DEPLOYMENT_TARGET = 12.5;
				MTL_ENABLE_DEBUG_INFO = NO;
				MTL_FAST_MATH = YES;
				SDKROOT = macosx;
				SWIFT_COMPILATION_MODE = wholemodule;
				SWIFT_OPTIMIZATION_LEVEL = "-O";
			};
			name = Release;
		};
		F5A268652A966B4600520C84 /* Debug */ = {
			isa = XCBuildConfiguration;
			buildSettings = {
				CLANG_ENABLE_MODULES = YES;
				CODE_SIGN_STYLE = Automatic;
				DEVELOPMENT_TEAM = 7675C8B65F;
				ENABLE_HARDENED_RUNTIME = YES;
				LD_RUNPATH_SEARCH_PATHS = (
					"$(inherited)",
					"@executable_path/../Frameworks",
					"@loader_path/../Frameworks",
				);
				PRODUCT_NAME = "$(TARGET_NAME)";
				SWIFT_OPTIMIZATION_LEVEL = "-Onone";
				SWIFT_VERSION = 5.0;
			};
			name = Debug;
		};
		F5A268662A966B4600520C84 /* Release */ = {
			isa = XCBuildConfiguration;
			buildSettings = {
				CLANG_ENABLE_MODULES = YES;
				CODE_SIGN_STYLE = Automatic;
				DEVELOPMENT_TEAM = 7675C8B65F;
				ENABLE_HARDENED_RUNTIME = YES;
				LD_RUNPATH_SEARCH_PATHS = (
					"$(inherited)",
					"@executable_path/../Frameworks",
					"@loader_path/../Frameworks",
				);
				PRODUCT_NAME = "$(TARGET_NAME)";
				SWIFT_VERSION = 5.0;
			};
			name = Release;
		};
/* End XCBuildConfiguration section */

/* Begin XCConfigurationList section */
		F5A268582A966B4600520C84 /* Build configuration list for PBXProject "swift-metris" */ = {
			isa = XCConfigurationList;
			buildConfigurations = (
				F5A268622A966B4600520C84 /* Debug */,
				F5A268632A966B4600520C84 /* Release */,
			);
			defaultConfigurationIsVisible = 0;
			defaultConfigurationName = Release;
		};
		F5A268642A966B4600520C84 /* Build configuration list for PBXNativeTarget "swift-metris" */ = {
			isa = XCConfigurationList;
			buildConfigurations = (
				F5A268652A966B4600520C84 /* Debug */,
				F5A268662A966B4600520C84 /* Release */,
			);
			defaultConfigurationIsVisible = 0;
			defaultConfigurationName = Release;
		};
/* End XCConfigurationList section */
	};
	rootObject = F5A268552A966B4600520C84 /* Project object */;
}
