// !$*UTF8*$!
{
	archiveVersion = 1;
	classes = {
	};
	objectVersion = 56;
	objects = {

/* Begin PBXBuildFile section */
		F50300DE2BAC013400ADBC21 /* Ground in Resources */ = {isa = PBXBuildFile; fileRef = F50300DD2BAC013400ADBC21 /* Ground */; };
		F526419A2B7F54F900BB540F /* Assets.xcassets in Resources */ = {isa = PBXBuildFile; fileRef = F52641992B7F54F900BB540F /* Assets.xcassets */; };
		F52641A22B7F551D00BB540F /* App.swift in Sources */ = {isa = PBXBuildFile; fileRef = F5E88F3F2ABB50C5003505BE /* App.swift */; };
		F52641A32B7F551D00BB540F /* CG.swift in Sources */ = {isa = PBXBuildFile; fileRef = F5A9534D2AC3F9B7008E4200 /* CG.swift */; };
		F52641A42B7F551D00BB540F /* Metris+Field.swift in Sources */ = {isa = PBXBuildFile; fileRef = F5A9533E2ABE04B8008E4200 /* Metris+Field.swift */; };
		F52641A52B7F551D00BB540F /* Primitive.swift in Sources */ = {isa = PBXBuildFile; fileRef = F5E88F332ABB4FBC003505BE /* Primitive.swift */; };
		F52641A62B7F551D00BB540F /* Metris+Mino.swift in Sources */ = {isa = PBXBuildFile; fileRef = F5A953402AC1FA0A008E4200 /* Metris+Mino.swift */; };
		F52641A72B7F551D00BB540F /* Memory.swift in Sources */ = {isa = PBXBuildFile; fileRef = F5E88F2B2ABB4CF4003505BE /* Memory.swift */; };
		F52641A82B7F551D00BB540F /* Metris+Piece.swift in Sources */ = {isa = PBXBuildFile; fileRef = F5A953422AC329AE008E4200 /* Metris+Piece.swift */; };
		F52641A92B7F551D00BB540F /* View.swift in Sources */ = {isa = PBXBuildFile; fileRef = F5E88F3B2ABB5075003505BE /* View.swift */; };
		F52641AA2B7F551D00BB540F /* Metris.swift in Sources */ = {isa = PBXBuildFile; fileRef = F5E88F392ABB5053003505BE /* Metris.swift */; };
		F52641AB2B7F551D00BB540F /* SemaphoricPool.swift in Sources */ = {isa = PBXBuildFile; fileRef = F56D46122B7801C300B069DC /* SemaphoricPool.swift */; };
		F52641AC2B7F551D00BB540F /* Math.swift in Sources */ = {isa = PBXBuildFile; fileRef = F5A9534F2AC3F9C3008E4200 /* Math.swift */; };
		F52641AE2B7F551D00BB540F /* Camera.swift in Sources */ = {isa = PBXBuildFile; fileRef = F5E88F352ABB5003003505BE /* Camera.swift */; };
		F52641B02B7F551D00BB540F /* Transform.swift in Sources */ = {isa = PBXBuildFile; fileRef = F5E88F2F2ABB4EB2003505BE /* Transform.swift */; };
		F52641B12B7F551D00BB540F /* Vertex.swift in Sources */ = {isa = PBXBuildFile; fileRef = F5E88F372ABB501F003505BE /* Vertex.swift */; };
		F52641B22B7F551D00BB540F /* Angle.swift in Sources */ = {isa = PBXBuildFile; fileRef = F56DCA6A2ABB6518000D29D5 /* Angle.swift */; };
		F52641B42B7F551D00BB540F /* Window.swift in Sources */ = {isa = PBXBuildFile; fileRef = F5E88F3D2ABB5097003505BE /* Window.swift */; };
		F52641B52B7F551D00BB540F /* Vector.swift in Sources */ = {isa = PBXBuildFile; fileRef = F5A953512AC8617B008E4200 /* Vector.swift */; };
		F52641B62B7F551D00BB540F /* Ticker.swift in Sources */ = {isa = PBXBuildFile; fileRef = F54E82D42ACDC71D00D2143B /* Ticker.swift */; };
		F52641B72B7F551D00BB540F /* Metal.swift in Sources */ = {isa = PBXBuildFile; fileRef = F56D46162B78881400B069DC /* Metal.swift */; };
		F52641CC2B7F5DB600BB540F /* main.swift in Sources */ = {isa = PBXBuildFile; fileRef = F52641CB2B7F5DB600BB540F /* main.swift */; };
		F53705D42BA96E770032F8A2 /* Spot in Resources */ = {isa = PBXBuildFile; fileRef = F53705D32BA96E770032F8A2 /* Spot */; };
		F54A4A142B99B28000E1F388 /* Dimension.swift in Sources */ = {isa = PBXBuildFile; fileRef = F54A4A132B99B28000E1F388 /* Dimension.swift */; };
		F54A4A162B99B28D00E1F388 /* SIMD.swift in Sources */ = {isa = PBXBuildFile; fileRef = F54A4A152B99B28D00E1F388 /* SIMD.swift */; };
		F54A4A182B99B29700E1F388 /* State.swift in Sources */ = {isa = PBXBuildFile; fileRef = F54A4A172B99B29700E1F388 /* State.swift */; };
		F5910ABC2B92242D00834DEF /* Log.swift in Sources */ = {isa = PBXBuildFile; fileRef = F5910ABB2B92242D00834DEF /* Log.swift */; };
		F5910ABE2B972D8300834DEF /* World.swift in Sources */ = {isa = PBXBuildFile; fileRef = F5910ABD2B972D8300834DEF /* World.swift */; };
		F5910AC02B975EF000834DEF /* Array.swift in Sources */ = {isa = PBXBuildFile; fileRef = F5910ABF2B975EF000834DEF /* Array.swift */; };
		F5910AC22B983AD300834DEF /* Cube.swift in Sources */ = {isa = PBXBuildFile; fileRef = F5910AC12B983AD300834DEF /* Cube.swift */; };
		F5AC33CA2BADA10A00A159FB /* Shader+Geometry.swift in Sources */ = {isa = PBXBuildFile; fileRef = F5AC33C92BADA10A00A159FB /* Shader+Geometry.swift */; };
		F5AC33CC2BADA1A300A159FB /* Texture.swift in Sources */ = {isa = PBXBuildFile; fileRef = F5AC33CB2BADA1A300A159FB /* Texture.swift */; };
		F5AC33D22BADA69000A159FB /* Shader+Model.swift in Sources */ = {isa = PBXBuildFile; fileRef = F5AC33D12BADA69000A159FB /* Shader+Model.swift */; };
		F5AC33D42BADABA700A159FB /* Shader+Mesh.metal in Sources */ = {isa = PBXBuildFile; fileRef = F5AC33D32BADABA700A159FB /* Shader+Mesh.metal */; };
		F5AC33D72BADAE9E00A159FB /* Shader+Light.swift in Sources */ = {isa = PBXBuildFile; fileRef = F5AC33D62BADAE9E00A159FB /* Shader+Light.swift */; };
		F5AC33D92BADD19F00A159FB /* Shader+Shadow.metal in Sources */ = {isa = PBXBuildFile; fileRef = F5AC33D82BADD19F00A159FB /* Shader+Shadow.metal */; };
		F5AC33DB2BADD6B300A159FB /* Shader+Shadow.swift in Sources */ = {isa = PBXBuildFile; fileRef = F5AC33DA2BADD6B300A159FB /* Shader+Shadow.swift */; };
		F5AC33DF2BAEAB9C00A159FB /* Shader+Mesh.swift in Sources */ = {isa = PBXBuildFile; fileRef = F5AC33DE2BAEAB9C00A159FB /* Shader+Mesh.swift */; };
		F5AC33E32BAEDB5500A159FB /* Farm+Farm.swift in Sources */ = {isa = PBXBuildFile; fileRef = F5AC33E22BAEDB5500A159FB /* Farm+Farm.swift */; };
		F5ACF0822BA03DC7005A1E01 /* IO.swift in Sources */ = {isa = PBXBuildFile; fileRef = F5ACF0812BA03DC7005A1E01 /* IO.swift */; };
		F5ACF0892BA2AA35005A1E01 /* Swift.swift in Sources */ = {isa = PBXBuildFile; fileRef = F5ACF0882BA2AA35005A1E01 /* Swift.swift */; };
		F5ACF0922BA2B5FA005A1E01 /* Shader+Texture.swift in Sources */ = {isa = PBXBuildFile; fileRef = F5ACF0912BA2B5FA005A1E01 /* Shader+Texture.swift */; };
		F5ACF0942BA2B777005A1E01 /* Material.swift in Sources */ = {isa = PBXBuildFile; fileRef = F5ACF0932BA2B777005A1E01 /* Material.swift */; };
		F5ACF0972BA2BC5E005A1E01 /* Shader+Shader.swift in Sources */ = {isa = PBXBuildFile; fileRef = F5ACF0962BA2BC5E005A1E01 /* Shader+Shader.swift */; };
		F5ACF0992BA2C9E3005A1E01 /* Data.swift in Sources */ = {isa = PBXBuildFile; fileRef = F5ACF0982BA2C9E3005A1E01 /* Data.swift */; };
/* End PBXBuildFile section */

/* Begin PBXFileReference section */
		F50300DD2BAC013400ADBC21 /* Ground */ = {isa = PBXFileReference; lastKnownFileType = folder; path = Ground; sourceTree = "<group>"; };
		F52641932B7F54F600BB540F /* App.app */ = {isa = PBXFileReference; explicitFileType = wrapper.application; includeInIndex = 0; path = App.app; sourceTree = BUILT_PRODUCTS_DIR; };
		F52641992B7F54F900BB540F /* Assets.xcassets */ = {isa = PBXFileReference; lastKnownFileType = folder.assetcatalog; path = Assets.xcassets; sourceTree = "<group>"; };
		F526419E2B7F54F900BB540F /* App.entitlements */ = {isa = PBXFileReference; lastKnownFileType = text.plist.entitlements; path = App.entitlements; sourceTree = "<group>"; };
		F52641CB2B7F5DB600BB540F /* main.swift */ = {isa = PBXFileReference; fileEncoding = 4; lastKnownFileType = sourcecode.swift; path = main.swift; sourceTree = "<group>"; };
		F53705D32BA96E770032F8A2 /* Spot */ = {isa = PBXFileReference; lastKnownFileType = folder; path = Spot; sourceTree = "<group>"; };
		F54A4A122B99B28000E1F388 /* Shader+Geometry.h */ = {isa = PBXFileReference; fileEncoding = 4; lastKnownFileType = sourcecode.c.h; path = "Shader+Geometry.h"; sourceTree = "<group>"; };
		F54A4A132B99B28000E1F388 /* Dimension.swift */ = {isa = PBXFileReference; fileEncoding = 4; lastKnownFileType = sourcecode.swift; path = Dimension.swift; sourceTree = "<group>"; };
		F54A4A152B99B28D00E1F388 /* SIMD.swift */ = {isa = PBXFileReference; fileEncoding = 4; lastKnownFileType = sourcecode.swift; path = SIMD.swift; sourceTree = "<group>"; };
		F54A4A172B99B29700E1F388 /* State.swift */ = {isa = PBXFileReference; fileEncoding = 4; lastKnownFileType = sourcecode.swift; path = State.swift; sourceTree = "<group>"; };
		F54E82D42ACDC71D00D2143B /* Ticker.swift */ = {isa = PBXFileReference; lastKnownFileType = sourcecode.swift; path = Ticker.swift; sourceTree = "<group>"; };
		F56D46122B7801C300B069DC /* SemaphoricPool.swift */ = {isa = PBXFileReference; lastKnownFileType = sourcecode.swift; path = SemaphoricPool.swift; sourceTree = "<group>"; };
		F56D46162B78881400B069DC /* Metal.swift */ = {isa = PBXFileReference; lastKnownFileType = sourcecode.swift; path = Metal.swift; sourceTree = "<group>"; };
		F56DCA6A2ABB6518000D29D5 /* Angle.swift */ = {isa = PBXFileReference; lastKnownFileType = sourcecode.swift; path = Angle.swift; sourceTree = "<group>"; };
		F5910ABB2B92242D00834DEF /* Log.swift */ = {isa = PBXFileReference; lastKnownFileType = sourcecode.swift; path = Log.swift; sourceTree = "<group>"; };
		F5910ABD2B972D8300834DEF /* World.swift */ = {isa = PBXFileReference; lastKnownFileType = sourcecode.swift; path = World.swift; sourceTree = "<group>"; };
		F5910ABF2B975EF000834DEF /* Array.swift */ = {isa = PBXFileReference; lastKnownFileType = sourcecode.swift; path = Array.swift; sourceTree = "<group>"; };
		F5910AC12B983AD300834DEF /* Cube.swift */ = {isa = PBXFileReference; lastKnownFileType = sourcecode.swift; path = Cube.swift; sourceTree = "<group>"; };
		F5A9533E2ABE04B8008E4200 /* Metris+Field.swift */ = {isa = PBXFileReference; lastKnownFileType = sourcecode.swift; path = "Metris+Field.swift"; sourceTree = "<group>"; };
		F5A953402AC1FA0A008E4200 /* Metris+Mino.swift */ = {isa = PBXFileReference; lastKnownFileType = sourcecode.swift; path = "Metris+Mino.swift"; sourceTree = "<group>"; };
		F5A953422AC329AE008E4200 /* Metris+Piece.swift */ = {isa = PBXFileReference; lastKnownFileType = sourcecode.swift; path = "Metris+Piece.swift"; sourceTree = "<group>"; };
		F5A9534D2AC3F9B7008E4200 /* CG.swift */ = {isa = PBXFileReference; fileEncoding = 4; lastKnownFileType = sourcecode.swift; path = CG.swift; sourceTree = "<group>"; };
		F5A9534F2AC3F9C3008E4200 /* Math.swift */ = {isa = PBXFileReference; fileEncoding = 4; lastKnownFileType = sourcecode.swift; path = Math.swift; sourceTree = "<group>"; };
		F5A953512AC8617B008E4200 /* Vector.swift */ = {isa = PBXFileReference; lastKnownFileType = sourcecode.swift; path = Vector.swift; sourceTree = "<group>"; };
		F5AC33BA2BAD951500A159FB /* Info.plist */ = {isa = PBXFileReference; lastKnownFileType = text.plist; path = Info.plist; sourceTree = "<group>"; };
		F5AC33C42BAD9F2400A159FB /* Shader+Texture.h */ = {isa = PBXFileReference; lastKnownFileType = sourcecode.c.h; path = "Shader+Texture.h"; sourceTree = "<group>"; };
		F5AC33C92BADA10A00A159FB /* Shader+Geometry.swift */ = {isa = PBXFileReference; lastKnownFileType = sourcecode.swift; path = "Shader+Geometry.swift"; sourceTree = "<group>"; };
		F5AC33CB2BADA1A300A159FB /* Texture.swift */ = {isa = PBXFileReference; lastKnownFileType = sourcecode.swift; path = Texture.swift; sourceTree = "<group>"; };
		F5AC33CF2BADA2A100A159FB /* Shader+Vertex.h */ = {isa = PBXFileReference; lastKnownFileType = sourcecode.c.h; path = "Shader+Vertex.h"; sourceTree = "<group>"; };
		F5AC33D02BADA67800A159FB /* Shader+Model.h */ = {isa = PBXFileReference; lastKnownFileType = sourcecode.c.h; path = "Shader+Model.h"; sourceTree = "<group>"; };
		F5AC33D12BADA69000A159FB /* Shader+Model.swift */ = {isa = PBXFileReference; lastKnownFileType = sourcecode.swift; path = "Shader+Model.swift"; sourceTree = "<group>"; };
		F5AC33D32BADABA700A159FB /* Shader+Mesh.metal */ = {isa = PBXFileReference; lastKnownFileType = sourcecode.metal; path = "Shader+Mesh.metal"; sourceTree = "<group>"; };
		F5AC33D52BADAE9400A159FB /* Shader+Light.h */ = {isa = PBXFileReference; lastKnownFileType = sourcecode.c.h; path = "Shader+Light.h"; sourceTree = "<group>"; };
		F5AC33D62BADAE9E00A159FB /* Shader+Light.swift */ = {isa = PBXFileReference; lastKnownFileType = sourcecode.swift; path = "Shader+Light.swift"; sourceTree = "<group>"; };
		F5AC33D82BADD19F00A159FB /* Shader+Shadow.metal */ = {isa = PBXFileReference; lastKnownFileType = sourcecode.metal; path = "Shader+Shadow.metal"; sourceTree = "<group>"; };
		F5AC33DA2BADD6B300A159FB /* Shader+Shadow.swift */ = {isa = PBXFileReference; lastKnownFileType = sourcecode.swift; path = "Shader+Shadow.swift"; sourceTree = "<group>"; };
		F5AC33DE2BAEAB9C00A159FB /* Shader+Mesh.swift */ = {isa = PBXFileReference; lastKnownFileType = sourcecode.swift; path = "Shader+Mesh.swift"; sourceTree = "<group>"; };
		F5AC33E02BAEB30B00A159FB /* Shader+Physics.h */ = {isa = PBXFileReference; lastKnownFileType = sourcecode.c.h; path = "Shader+Physics.h"; sourceTree = "<group>"; };
		F5AC33E22BAEDB5500A159FB /* Farm+Farm.swift */ = {isa = PBXFileReference; lastKnownFileType = sourcecode.swift; path = "Farm+Farm.swift"; sourceTree = "<group>"; };
		F5ACF0812BA03DC7005A1E01 /* IO.swift */ = {isa = PBXFileReference; lastKnownFileType = sourcecode.swift; path = IO.swift; sourceTree = "<group>"; };
		F5ACF0882BA2AA35005A1E01 /* Swift.swift */ = {isa = PBXFileReference; lastKnownFileType = sourcecode.swift; path = Swift.swift; sourceTree = "<group>"; };
		F5ACF0912BA2B5FA005A1E01 /* Shader+Texture.swift */ = {isa = PBXFileReference; lastKnownFileType = sourcecode.swift; path = "Shader+Texture.swift"; sourceTree = "<group>"; };
		F5ACF0932BA2B777005A1E01 /* Material.swift */ = {isa = PBXFileReference; lastKnownFileType = sourcecode.swift; path = Material.swift; sourceTree = "<group>"; };
		F5ACF0962BA2BC5E005A1E01 /* Shader+Shader.swift */ = {isa = PBXFileReference; lastKnownFileType = sourcecode.swift; path = "Shader+Shader.swift"; sourceTree = "<group>"; };
		F5ACF0982BA2C9E3005A1E01 /* Data.swift */ = {isa = PBXFileReference; lastKnownFileType = sourcecode.swift; path = Data.swift; sourceTree = "<group>"; };
		F5E88F2B2ABB4CF4003505BE /* Memory.swift */ = {isa = PBXFileReference; lastKnownFileType = sourcecode.swift; path = Memory.swift; sourceTree = "<group>"; };
		F5E88F2F2ABB4EB2003505BE /* Transform.swift */ = {isa = PBXFileReference; lastKnownFileType = sourcecode.swift; path = Transform.swift; sourceTree = "<group>"; };
		F5E88F332ABB4FBC003505BE /* Primitive.swift */ = {isa = PBXFileReference; lastKnownFileType = sourcecode.swift; path = Primitive.swift; sourceTree = "<group>"; };
		F5E88F352ABB5003003505BE /* Camera.swift */ = {isa = PBXFileReference; lastKnownFileType = sourcecode.swift; path = Camera.swift; sourceTree = "<group>"; };
		F5E88F372ABB501F003505BE /* Vertex.swift */ = {isa = PBXFileReference; lastKnownFileType = sourcecode.swift; path = Vertex.swift; sourceTree = "<group>"; };
		F5E88F392ABB5053003505BE /* Metris.swift */ = {isa = PBXFileReference; lastKnownFileType = sourcecode.swift; path = Metris.swift; sourceTree = "<group>"; };
		F5E88F3B2ABB5075003505BE /* View.swift */ = {isa = PBXFileReference; lastKnownFileType = sourcecode.swift; path = View.swift; sourceTree = "<group>"; };
		F5E88F3D2ABB5097003505BE /* Window.swift */ = {isa = PBXFileReference; lastKnownFileType = sourcecode.swift; path = Window.swift; sourceTree = "<group>"; };
		F5E88F3F2ABB50C5003505BE /* App.swift */ = {isa = PBXFileReference; lastKnownFileType = sourcecode.swift; path = App.swift; sourceTree = "<group>"; };
/* End PBXFileReference section */

/* Begin PBXFrameworksBuildPhase section */
		F52641902B7F54F600BB540F /* Frameworks */ = {
			isa = PBXFrameworksBuildPhase;
			buildActionMask = 2147483647;
			files = (
			);
			runOnlyForDeploymentPostprocessing = 0;
		};
/* End PBXFrameworksBuildPhase section */

/* Begin PBXGroup section */
		F52641942B7F54F600BB540F /* App */ = {
			isa = PBXGroup;
			children = (
				F56DCA6A2ABB6518000D29D5 /* Angle.swift */,
				F526419E2B7F54F900BB540F /* App.entitlements */,
				F5E88F3F2ABB50C5003505BE /* App.swift */,
				F5910ABF2B975EF000834DEF /* Array.swift */,
				F52641992B7F54F900BB540F /* Assets.xcassets */,
				F5E88F352ABB5003003505BE /* Camera.swift */,
				F5A9534D2AC3F9B7008E4200 /* CG.swift */,
				F5910AC12B983AD300834DEF /* Cube.swift */,
				F5ACF0982BA2C9E3005A1E01 /* Data.swift */,
				F54A4A132B99B28000E1F388 /* Dimension.swift */,
				F5AC33BA2BAD951500A159FB /* Info.plist */,
				F5ACF0812BA03DC7005A1E01 /* IO.swift */,
				F5910ABB2B92242D00834DEF /* Log.swift */,
				F52641CB2B7F5DB600BB540F /* main.swift */,
				F5ACF0932BA2B777005A1E01 /* Material.swift */,
				F5A9534F2AC3F9C3008E4200 /* Math.swift */,
				F5E88F2B2ABB4CF4003505BE /* Memory.swift */,
				F56D46162B78881400B069DC /* Metal.swift */,
				F5E88F392ABB5053003505BE /* Metris.swift */,
				F5A9533E2ABE04B8008E4200 /* Metris+Field.swift */,
				F5A953402AC1FA0A008E4200 /* Metris+Mino.swift */,
				F5A953422AC329AE008E4200 /* Metris+Piece.swift */,
				F5E88F332ABB4FBC003505BE /* Primitive.swift */,
				F53705D22BA96E620032F8A2 /* Resources */,
				F56D46122B7801C300B069DC /* SemaphoricPool.swift */,
				F54A4A152B99B28D00E1F388 /* SIMD.swift */,
				F54A4A172B99B29700E1F388 /* State.swift */,
				F5ACF0882BA2AA35005A1E01 /* Swift.swift */,
				F5AC33CB2BADA1A300A159FB /* Texture.swift */,
				F54E82D42ACDC71D00D2143B /* Ticker.swift */,
				F5E88F2F2ABB4EB2003505BE /* Transform.swift */,
				F5A953512AC8617B008E4200 /* Vector.swift */,
				F5E88F372ABB501F003505BE /* Vertex.swift */,
				F5E88F3B2ABB5075003505BE /* View.swift */,
				F5E88F3D2ABB5097003505BE /* Window.swift */,
				F5910ABD2B972D8300834DEF /* World.swift */,
			);
			path = App;
			sourceTree = "<group>";
		};
		F53705D22BA96E620032F8A2 /* Resources */ = {
			isa = PBXGroup;
			children = (
				F50300DD2BAC013400ADBC21 /* Ground */,
				F53705D32BA96E770032F8A2 /* Spot */,
			);
			path = Resources;
			sourceTree = "<group>";
		};
		F5A268542A966B4600520C84 = {
			isa = PBXGroup;
			children = (
				F52641942B7F54F600BB540F /* App */,
				F5AC33E12BAEDA6500A159FB /* Farm */,
				F5A2685E2A966B4600520C84 /* Products */,
				F5AC33C02BAD986600A159FB /* Shader */,
			);
			sourceTree = "<group>";
		};
		F5A2685E2A966B4600520C84 /* Products */ = {
			isa = PBXGroup;
			children = (
				F52641932B7F54F600BB540F /* App.app */,
			);
			name = Products;
			sourceTree = "<group>";
		};
		F5AC33C02BAD986600A159FB /* Shader */ = {
			isa = PBXGroup;
			children = (
				F54A4A122B99B28000E1F388 /* Shader+Geometry.h */,
				F5AC33C92BADA10A00A159FB /* Shader+Geometry.swift */,
				F5AC33D52BADAE9400A159FB /* Shader+Light.h */,
				F5AC33D62BADAE9E00A159FB /* Shader+Light.swift */,
				F5AC33D32BADABA700A159FB /* Shader+Mesh.metal */,
				F5AC33DE2BAEAB9C00A159FB /* Shader+Mesh.swift */,
				F5AC33D02BADA67800A159FB /* Shader+Model.h */,
				F5AC33D12BADA69000A159FB /* Shader+Model.swift */,
				F5AC33E02BAEB30B00A159FB /* Shader+Physics.h */,
				F5ACF0962BA2BC5E005A1E01 /* Shader+Shader.swift */,
				F5AC33D82BADD19F00A159FB /* Shader+Shadow.metal */,
				F5AC33DA2BADD6B300A159FB /* Shader+Shadow.swift */,
				F5AC33C42BAD9F2400A159FB /* Shader+Texture.h */,
				F5ACF0912BA2B5FA005A1E01 /* Shader+Texture.swift */,
				F5AC33CF2BADA2A100A159FB /* Shader+Vertex.h */,
			);
			path = Shader;
			sourceTree = "<group>";
		};
		F5AC33E12BAEDA6500A159FB /* Farm */ = {
			isa = PBXGroup;
			children = (
				F5AC33E22BAEDB5500A159FB /* Farm+Farm.swift */,
			);
			path = Farm;
			sourceTree = "<group>";
		};
/* End PBXGroup section */

/* Begin PBXNativeTarget section */
		F52641922B7F54F600BB540F /* App */ = {
			isa = PBXNativeTarget;
			buildConfigurationList = F526419F2B7F54F900BB540F /* Build configuration list for PBXNativeTarget "App" */;
			buildPhases = (
				F526418F2B7F54F600BB540F /* Sources */,
				F52641902B7F54F600BB540F /* Frameworks */,
				F52641912B7F54F600BB540F /* Resources */,
			);
			buildRules = (
			);
			dependencies = (
			);
			name = App;
			productName = "swift-metris";
			productReference = F52641932B7F54F600BB540F /* App.app */;
			productType = "com.apple.product-type.application";
		};
/* End PBXNativeTarget section */

/* Begin PBXProject section */
		F5A268552A966B4600520C84 /* Project object */ = {
			isa = PBXProject;
			attributes = {
				BuildIndependentTargetsInParallel = 1;
				LastSwiftUpdateCheck = 1520;
				LastUpgradeCheck = 1530;
				TargetAttributes = {
					F52641922B7F54F600BB540F = {
						CreatedOnToolsVersion = 15.2;
					};
				};
			};
			buildConfigurationList = F5A268582A966B4600520C84 /* Build configuration list for PBXProject "Metris" */;
			compatibilityVersion = "Xcode 14.0";
			developmentRegion = en;
			hasScannedForEncodings = 0;
			knownRegions = (
				en,
				Base,
			);
			mainGroup = F5A268542A966B4600520C84;
			productRefGroup = F5A2685E2A966B4600520C84 /* Products */;
			projectDirPath = "";
			projectRoot = "";
			targets = (
				F52641922B7F54F600BB540F /* App */,
			);
		};
/* End PBXProject section */

/* Begin PBXResourcesBuildPhase section */
		F52641912B7F54F600BB540F /* Resources */ = {
			isa = PBXResourcesBuildPhase;
			buildActionMask = 2147483647;
			files = (
				F50300DE2BAC013400ADBC21 /* Ground in Resources */,
				F53705D42BA96E770032F8A2 /* Spot in Resources */,
				F526419A2B7F54F900BB540F /* Assets.xcassets in Resources */,
			);
			runOnlyForDeploymentPostprocessing = 0;
		};
/* End PBXResourcesBuildPhase section */

/* Begin PBXSourcesBuildPhase section */
		F526418F2B7F54F600BB540F /* Sources */ = {
			isa = PBXSourcesBuildPhase;
			buildActionMask = 2147483647;
			files = (
				F52641A92B7F551D00BB540F /* View.swift in Sources */,
				F5910ABC2B92242D00834DEF /* Log.swift in Sources */,
				F52641A72B7F551D00BB540F /* Memory.swift in Sources */,
				F54A4A142B99B28000E1F388 /* Dimension.swift in Sources */,
				F52641AC2B7F551D00BB540F /* Math.swift in Sources */,
				F52641A22B7F551D00BB540F /* App.swift in Sources */,
				F5910ABE2B972D8300834DEF /* World.swift in Sources */,
				F5AC33CA2BADA10A00A159FB /* Shader+Geometry.swift in Sources */,
				F5AC33E32BAEDB5500A159FB /* Farm+Farm.swift in Sources */,
				F5AC33DF2BAEAB9C00A159FB /* Shader+Mesh.swift in Sources */,
				F5ACF0822BA03DC7005A1E01 /* IO.swift in Sources */,
				F52641B12B7F551D00BB540F /* Vertex.swift in Sources */,
				F52641B22B7F551D00BB540F /* Angle.swift in Sources */,
				F5AC33D22BADA69000A159FB /* Shader+Model.swift in Sources */,
				F5AC33DB2BADD6B300A159FB /* Shader+Shadow.swift in Sources */,
				F5ACF0972BA2BC5E005A1E01 /* Shader+Shader.swift in Sources */,
				F52641A32B7F551D00BB540F /* CG.swift in Sources */,
				F5ACF0992BA2C9E3005A1E01 /* Data.swift in Sources */,
				F52641B72B7F551D00BB540F /* Metal.swift in Sources */,
				F52641A62B7F551D00BB540F /* Metris+Mino.swift in Sources */,
				F52641A42B7F551D00BB540F /* Metris+Field.swift in Sources */,
				F52641AB2B7F551D00BB540F /* SemaphoricPool.swift in Sources */,
				F52641B02B7F551D00BB540F /* Transform.swift in Sources */,
				F52641AA2B7F551D00BB540F /* Metris.swift in Sources */,
				F5ACF0942BA2B777005A1E01 /* Material.swift in Sources */,
				F5AC33D72BADAE9E00A159FB /* Shader+Light.swift in Sources */,
				F5AC33D42BADABA700A159FB /* Shader+Mesh.metal in Sources */,
				F52641B52B7F551D00BB540F /* Vector.swift in Sources */,
				F52641AE2B7F551D00BB540F /* Camera.swift in Sources */,
				F52641B62B7F551D00BB540F /* Ticker.swift in Sources */,
				F5AC33D92BADD19F00A159FB /* Shader+Shadow.metal in Sources */,
				F5AC33CC2BADA1A300A159FB /* Texture.swift in Sources */,
				F54A4A182B99B29700E1F388 /* State.swift in Sources */,
				F52641A52B7F551D00BB540F /* Primitive.swift in Sources */,
				F5910AC22B983AD300834DEF /* Cube.swift in Sources */,
				F54A4A162B99B28D00E1F388 /* SIMD.swift in Sources */,
				F52641CC2B7F5DB600BB540F /* main.swift in Sources */,
				F5ACF0922BA2B5FA005A1E01 /* Shader+Texture.swift in Sources */,
				F5910AC02B975EF000834DEF /* Array.swift in Sources */,
				F52641A82B7F551D00BB540F /* Metris+Piece.swift in Sources */,
				F5ACF0892BA2AA35005A1E01 /* Swift.swift in Sources */,
				F52641B42B7F551D00BB540F /* Window.swift in Sources */,
			);
			runOnlyForDeploymentPostprocessing = 0;
		};
/* End PBXSourcesBuildPhase section */

/* Begin XCBuildConfiguration section */
		F52641A02B7F54F900BB540F /* Debug */ = {
			isa = XCBuildConfiguration;
			buildSettings = {
				ASSETCATALOG_COMPILER_APPICON_NAME = AppIcon;
				ASSETCATALOG_COMPILER_GENERATE_SWIFT_ASSET_SYMBOL_EXTENSIONS = YES;
				ASSETCATALOG_COMPILER_GLOBAL_ACCENT_COLOR_NAME = AccentColor;
				CODE_SIGN_ENTITLEMENTS = App/App.entitlements;
				CODE_SIGN_STYLE = Automatic;
				COMBINE_HIDPI_IMAGES = YES;
				CURRENT_PROJECT_VERSION = 1;
				DEVELOPMENT_TEAM = 7675C8B65F;
				ENABLE_HARDENED_RUNTIME = YES;
				GCC_C_LANGUAGE_STANDARD = gnu17;
				GENERATE_INFOPLIST_FILE = YES;
				INFOPLIST_FILE = App/Info.plist;
				INFOPLIST_KEY_CFBundleDisplayName = Metris;
				INFOPLIST_KEY_LSApplicationCategoryType = "public.app-category.puzzle-games";
				INFOPLIST_KEY_NSHumanReadableCopyright = tomocy;
				INFOPLIST_KEY_NSPrincipalClass = NSApplication;
				LD_RUNPATH_SEARCH_PATHS = (
					"$(inherited)",
					"@executable_path/../Frameworks",
				);
				LOCALIZATION_PREFERS_STRING_CATALOGS = YES;
				MACOSX_DEPLOYMENT_TARGET = 14.2;
				MARKETING_VERSION = 1.0;
				PRODUCT_BUNDLE_IDENTIFIER = com.tomocy.metris;
				PRODUCT_NAME = "$(TARGET_NAME)";
				SWIFT_ACTIVE_COMPILATION_CONDITIONS = "DEBUG $(inherited)";
				SWIFT_EMIT_LOC_STRINGS = YES;
				SWIFT_VERSION = 5.0;
			};
			name = Debug;
		};
		F52641A12B7F54F900BB540F /* Release */ = {
			isa = XCBuildConfiguration;
			buildSettings = {
				ASSETCATALOG_COMPILER_APPICON_NAME = AppIcon;
				ASSETCATALOG_COMPILER_GENERATE_SWIFT_ASSET_SYMBOL_EXTENSIONS = YES;
				ASSETCATALOG_COMPILER_GLOBAL_ACCENT_COLOR_NAME = AccentColor;
				CODE_SIGN_ENTITLEMENTS = App/App.entitlements;
				CODE_SIGN_STYLE = Automatic;
				COMBINE_HIDPI_IMAGES = YES;
				CURRENT_PROJECT_VERSION = 1;
				DEVELOPMENT_TEAM = 7675C8B65F;
				ENABLE_HARDENED_RUNTIME = YES;
				GCC_C_LANGUAGE_STANDARD = gnu17;
				GENERATE_INFOPLIST_FILE = YES;
				INFOPLIST_FILE = App/Info.plist;
				INFOPLIST_KEY_CFBundleDisplayName = Metris;
				INFOPLIST_KEY_LSApplicationCategoryType = "public.app-category.puzzle-games";
				INFOPLIST_KEY_NSHumanReadableCopyright = tomocy;
				INFOPLIST_KEY_NSPrincipalClass = NSApplication;
				LD_RUNPATH_SEARCH_PATHS = (
					"$(inherited)",
					"@executable_path/../Frameworks",
				);
				LOCALIZATION_PREFERS_STRING_CATALOGS = YES;
				MACOSX_DEPLOYMENT_TARGET = 14.2;
				MARKETING_VERSION = 1.0;
				PRODUCT_BUNDLE_IDENTIFIER = com.tomocy.metris;
				PRODUCT_NAME = "$(TARGET_NAME)";
				SWIFT_EMIT_LOC_STRINGS = YES;
				SWIFT_VERSION = 5.0;
			};
			name = Release;
		};
		F5A268622A966B4600520C84 /* Debug */ = {
			isa = XCBuildConfiguration;
			buildSettings = {
				ALWAYS_SEARCH_USER_PATHS = NO;
				ASSETCATALOG_COMPILER_GENERATE_SWIFT_ASSET_SYMBOL_EXTENSIONS = YES;
				CLANG_ANALYZER_NONNULL = YES;
				CLANG_ANALYZER_NUMBER_OBJECT_CONVERSION = YES_AGGRESSIVE;
				CLANG_CXX_LANGUAGE_STANDARD = "gnu++20";
				CLANG_ENABLE_MODULES = YES;
				CLANG_ENABLE_OBJC_ARC = YES;
				CLANG_ENABLE_OBJC_WEAK = YES;
				CLANG_WARN_BLOCK_CAPTURE_AUTORELEASING = YES;
				CLANG_WARN_BOOL_CONVERSION = YES;
				CLANG_WARN_COMMA = YES;
				CLANG_WARN_CONSTANT_CONVERSION = YES;
				CLANG_WARN_DEPRECATED_OBJC_IMPLEMENTATIONS = YES;
				CLANG_WARN_DIRECT_OBJC_ISA_USAGE = YES_ERROR;
				CLANG_WARN_DOCUMENTATION_COMMENTS = YES;
				CLANG_WARN_EMPTY_BODY = YES;
				CLANG_WARN_ENUM_CONVERSION = YES;
				CLANG_WARN_INFINITE_RECURSION = YES;
				CLANG_WARN_INT_CONVERSION = YES;
				CLANG_WARN_NON_LITERAL_NULL_CONVERSION = YES;
				CLANG_WARN_OBJC_IMPLICIT_RETAIN_SELF = YES;
				CLANG_WARN_OBJC_LITERAL_CONVERSION = YES;
				CLANG_WARN_OBJC_ROOT_CLASS = YES_ERROR;
				CLANG_WARN_QUOTED_INCLUDE_IN_FRAMEWORK_HEADER = YES;
				CLANG_WARN_RANGE_LOOP_ANALYSIS = YES;
				CLANG_WARN_STRICT_PROTOTYPES = YES;
				CLANG_WARN_SUSPICIOUS_MOVE = YES;
				CLANG_WARN_UNGUARDED_AVAILABILITY = YES_AGGRESSIVE;
				CLANG_WARN_UNREACHABLE_CODE = YES;
				CLANG_WARN__DUPLICATE_METHOD_MATCH = YES;
				COPY_PHASE_STRIP = NO;
				DEAD_CODE_STRIPPING = YES;
				DEBUG_INFORMATION_FORMAT = dwarf;
				ENABLE_STRICT_OBJC_MSGSEND = YES;
				ENABLE_TESTABILITY = YES;
				ENABLE_USER_SCRIPT_SANDBOXING = YES;
				GCC_C_LANGUAGE_STANDARD = gnu11;
				GCC_DYNAMIC_NO_PIC = NO;
				GCC_NO_COMMON_BLOCKS = YES;
				GCC_OPTIMIZATION_LEVEL = 0;
				GCC_PREPROCESSOR_DEFINITIONS = (
					"DEBUG=1",
					"$(inherited)",
				);
				GCC_WARN_64_TO_32_BIT_CONVERSION = YES;
				GCC_WARN_ABOUT_RETURN_TYPE = YES_ERROR;
				GCC_WARN_UNDECLARED_SELECTOR = YES;
				GCC_WARN_UNINITIALIZED_AUTOS = YES_AGGRESSIVE;
				GCC_WARN_UNUSED_FUNCTION = YES;
				GCC_WARN_UNUSED_VARIABLE = YES;
				MACOSX_DEPLOYMENT_TARGET = 12.5;
				MTL_ENABLE_DEBUG_INFO = INCLUDE_SOURCE;
				MTL_FAST_MATH = YES;
				ONLY_ACTIVE_ARCH = YES;
				SDKROOT = macosx;
				SWIFT_ACTIVE_COMPILATION_CONDITIONS = DEBUG;
				SWIFT_OPTIMIZATION_LEVEL = "-Onone";
			};
			name = Debug;
		};
		F5A268632A966B4600520C84 /* Release */ = {
			isa = XCBuildConfiguration;
			buildSettings = {
				ALWAYS_SEARCH_USER_PATHS = NO;
				ASSETCATALOG_COMPILER_GENERATE_SWIFT_ASSET_SYMBOL_EXTENSIONS = YES;
				CLANG_ANALYZER_NONNULL = YES;
				CLANG_ANALYZER_NUMBER_OBJECT_CONVERSION = YES_AGGRESSIVE;
				CLANG_CXX_LANGUAGE_STANDARD = "gnu++20";
				CLANG_ENABLE_MODULES = YES;
				CLANG_ENABLE_OBJC_ARC = YES;
				CLANG_ENABLE_OBJC_WEAK = YES;
				CLANG_WARN_BLOCK_CAPTURE_AUTORELEASING = YES;
				CLANG_WARN_BOOL_CONVERSION = YES;
				CLANG_WARN_COMMA = YES;
				CLANG_WARN_CONSTANT_CONVERSION = YES;
				CLANG_WARN_DEPRECATED_OBJC_IMPLEMENTATIONS = YES;
				CLANG_WARN_DIRECT_OBJC_ISA_USAGE = YES_ERROR;
				CLANG_WARN_DOCUMENTATION_COMMENTS = YES;
				CLANG_WARN_EMPTY_BODY = YES;
				CLANG_WARN_ENUM_CONVERSION = YES;
				CLANG_WARN_INFINITE_RECURSION = YES;
				CLANG_WARN_INT_CONVERSION = YES;
				CLANG_WARN_NON_LITERAL_NULL_CONVERSION = YES;
				CLANG_WARN_OBJC_IMPLICIT_RETAIN_SELF = YES;
				CLANG_WARN_OBJC_LITERAL_CONVERSION = YES;
				CLANG_WARN_OBJC_ROOT_CLASS = YES_ERROR;
				CLANG_WARN_QUOTED_INCLUDE_IN_FRAMEWORK_HEADER = YES;
				CLANG_WARN_RANGE_LOOP_ANALYSIS = YES;
				CLANG_WARN_STRICT_PROTOTYPES = YES;
				CLANG_WARN_SUSPICIOUS_MOVE = YES;
				CLANG_WARN_UNGUARDED_AVAILABILITY = YES_AGGRESSIVE;
				CLANG_WARN_UNREACHABLE_CODE = YES;
				CLANG_WARN__DUPLICATE_METHOD_MATCH = YES;
				COPY_PHASE_STRIP = NO;
				DEAD_CODE_STRIPPING = YES;
				DEBUG_INFORMATION_FORMAT = "dwarf-with-dsym";
				ENABLE_NS_ASSERTIONS = NO;
				ENABLE_STRICT_OBJC_MSGSEND = YES;
				ENABLE_USER_SCRIPT_SANDBOXING = YES;
				GCC_C_LANGUAGE_STANDARD = gnu11;
				GCC_NO_COMMON_BLOCKS = YES;
				GCC_WARN_64_TO_32_BIT_CONVERSION = YES;
				GCC_WARN_ABOUT_RETURN_TYPE = YES_ERROR;
				GCC_WARN_UNDECLARED_SELECTOR = YES;
				GCC_WARN_UNINITIALIZED_AUTOS = YES_AGGRESSIVE;
				GCC_WARN_UNUSED_FUNCTION = YES;
				GCC_WARN_UNUSED_VARIABLE = YES;
				MACOSX_DEPLOYMENT_TARGET = 12.5;
				MTL_ENABLE_DEBUG_INFO = NO;
				MTL_FAST_MATH = YES;
				SDKROOT = macosx;
				SWIFT_COMPILATION_MODE = wholemodule;
				SWIFT_OPTIMIZATION_LEVEL = "-O";
			};
			name = Release;
		};
/* End XCBuildConfiguration section */

/* Begin XCConfigurationList section */
		F526419F2B7F54F900BB540F /* Build configuration list for PBXNativeTarget "App" */ = {
			isa = XCConfigurationList;
			buildConfigurations = (
				F52641A02B7F54F900BB540F /* Debug */,
				F52641A12B7F54F900BB540F /* Release */,
			);
			defaultConfigurationIsVisible = 0;
			defaultConfigurationName = Release;
		};
		F5A268582A966B4600520C84 /* Build configuration list for PBXProject "Metris" */ = {
			isa = XCConfigurationList;
			buildConfigurations = (
				F5A268622A966B4600520C84 /* Debug */,
				F5A268632A966B4600520C84 /* Release */,
			);
			defaultConfigurationIsVisible = 0;
			defaultConfigurationName = Release;
		};
/* End XCConfigurationList section */
	};
	rootObject = F5A268552A966B4600520C84 /* Project object */;
}
